
Microsoft Visual Studio Solution File, Format Version 12.00
# Visual Studio Version 16
VisualStudioVersion = 16.0.32413.511
MinimumVisualStudioVersion = 10.0.40219.1
Project("{FAE04EC0-301F-11D3-BF4B-00C04F79EFBC}") = "FileSplitter", "FileSplitter\FileSplitter.csproj", "{DBB856DF-17BB-4065-8A43-D5A2F3E70496}"
EndProject
Project("{FAE04EC0-301F-11D3-BF4B-00C04F79EFBC}") = "AssociateSFF", "AssociateSFF\AssociateSFF.csproj", "{78504897-9C9D-4DFC-B1BB-78AA8D23F57E}"
	ProjectSection(ProjectDependencies) = postProject
		{DBB856DF-17BB-4065-8A43-D5A2F3E70496} = {DBB856DF-17BB-4065-8A43-D5A2F3E70496}
	EndProjectSection
EndProject
Global
	GlobalSection(SolutionConfigurationPlatforms) = preSolution
		Debug|Any CPU = Debug|Any CPU
		Release|Any CPU = Release|Any CPU
	EndGlobalSection
	GlobalSection(ProjectConfigurationPlatforms) = postSolution
		{DBB856DF-17BB-4065-8A43-D5A2F3E70496}.Debug|Any CPU.ActiveCfg = Debug|Any CPU
		{DBB856DF-17BB-4065-8A43-D5A2F3E70496}.Debug|Any CPU.Build.0 = Debug|Any CPU
		{DBB856DF-17BB-4065-8A43-D5A2F3E70496}.Release|Any CPU.ActiveCfg = Release|Any CPU
		{DBB856DF-17BB-4065-8A43-D5A2F3E70496}.Release|Any CPU.Build.0 = Release|Any CPU
		{78504897-9C9D-4DFC-B1BB-78AA8D23F57E}.Debug|Any CPU.ActiveCfg = Debug|Any CPU
		{78504897-9C9D-4DFC-B1BB-78AA8D23F57E}.Debug|Any CPU.Build.0 = Debug|Any CPU
		{78504897-9C9D-4DFC-B1BB-78AA8D23F57E}.Release|Any CPU.ActiveCfg = Release|Any CPU
		{78504897-9C9D-4DFC-B1BB-78AA8D23F57E}.Release|Any CPU.Build.0 = Release|Any CPU
	EndGlobalSection
	GlobalSection(SolutionProperties) = preSolution
		HideSolutionNode = FALSE
	EndGlobalSection
	GlobalSection(ExtensibilityGlobals) = postSolution
		SolutionGuid = {E1A24E25-710D-4319-8FCF-D41A4BC0D486}
	EndGlobalSection
EndGlobal
